
Microsoft Visual Studio Solution File, Format Version 12.00
# Visual Studio 15
Project("{FAE04EC0-301F-11D3-BF4B-00C04F79EFBC}") = "Assembly-CSharp", "Assembly-CSharp.csproj", "{16744515-5D95-27B5-5464-635F7ABE192E}"
EndProject
Project("{FAE04EC0-301F-11D3-BF4B-00C04F79EFBC}") = "Assembly-CSharp-Editor", "Assembly-CSharp-Editor.csproj", "{7CA5A8C6-8E76-71C8-84ED-C1C8908DD7D2}"
EndProject
Global
	GlobalSection(SolutionConfigurationPlatforms) = preSolution
		Debug|Any CPU = Debug|Any CPU
		Release|Any CPU = Release|Any CPU
	EndGlobalSection
	GlobalSection(ProjectConfigurationPlatforms) = postSolution
		{16744515-5D95-27B5-5464-635F7ABE192E}.Debug|Any CPU.ActiveCfg = Debug|Any CPU
		{16744515-5D95-27B5-5464-635F7ABE192E}.Debug|Any CPU.Build.0 = Debug|Any CPU
		{16744515-5D95-27B5-5464-635F7ABE192E}.Release|Any CPU.ActiveCfg = Release|Any CPU
		{16744515-5D95-27B5-5464-635F7ABE192E}.Release|Any CPU.Build.0 = Release|Any CPU
		{7CA5A8C6-8E76-71C8-84ED-C1C8908DD7D2}.Debug|Any CPU.ActiveCfg = Debug|Any CPU
		{7CA5A8C6-8E76-71C8-84ED-C1C8908DD7D2}.Debug|Any CPU.Build.0 = Debug|Any CPU
		{7CA5A8C6-8E76-71C8-84ED-C1C8908DD7D2}.Release|Any CPU.ActiveCfg = Release|Any CPU
		{7CA5A8C6-8E76-71C8-84ED-C1C8908DD7D2}.Release|Any CPU.Build.0 = Release|Any CPU
	EndGlobalSection
	GlobalSection(SolutionProperties) = preSolution
		HideSolutionNode = FALSE
	EndGlobalSection
EndGlobal
