
Microsoft Visual Studio Solution File, Format Version 12.00
# Visual Studio 15
Project("{FAE04EC0-301F-11D3-BF4B-00C04F79EFBC}") = "Assembly-CSharp", "Assembly-CSharp.csproj", "{EEB0F1FB-8A5C-5DEB-5D92-525D4EF1802C}"
EndProject
Project("{FAE04EC0-301F-11D3-BF4B-00C04F79EFBC}") = "Assembly-CSharp-Editor", "Assembly-CSharp-Editor.csproj", "{3640F20D-DB69-8B18-8DE3-4799C2B20542}"
EndProject
Global
	GlobalSection(SolutionConfigurationPlatforms) = preSolution
		Debug|Any CPU = Debug|Any CPU
		Release|Any CPU = Release|Any CPU
	EndGlobalSection
	GlobalSection(ProjectConfigurationPlatforms) = postSolution
		{EEB0F1FB-8A5C-5DEB-5D92-525D4EF1802C}.Debug|Any CPU.ActiveCfg = Debug|Any CPU
		{EEB0F1FB-8A5C-5DEB-5D92-525D4EF1802C}.Debug|Any CPU.Build.0 = Debug|Any CPU
		{EEB0F1FB-8A5C-5DEB-5D92-525D4EF1802C}.Release|Any CPU.ActiveCfg = Release|Any CPU
		{EEB0F1FB-8A5C-5DEB-5D92-525D4EF1802C}.Release|Any CPU.Build.0 = Release|Any CPU
		{3640F20D-DB69-8B18-8DE3-4799C2B20542}.Debug|Any CPU.ActiveCfg = Debug|Any CPU
		{3640F20D-DB69-8B18-8DE3-4799C2B20542}.Debug|Any CPU.Build.0 = Debug|Any CPU
		{3640F20D-DB69-8B18-8DE3-4799C2B20542}.Release|Any CPU.ActiveCfg = Release|Any CPU
		{3640F20D-DB69-8B18-8DE3-4799C2B20542}.Release|Any CPU.Build.0 = Release|Any CPU
	EndGlobalSection
	GlobalSection(SolutionProperties) = preSolution
		HideSolutionNode = FALSE
	EndGlobalSection
EndGlobal
