
Microsoft Visual Studio Solution File, Format Version 12.00
# Visual Studio 15
Project("{FAE04EC0-301F-11D3-BF4B-00C04F79EFBC}") = "Assembly-CSharp", "Assembly-CSharp.csproj", "{F14677FF-E629-9502-DD5B-4695664B2D3F}"
EndProject
Project("{FAE04EC0-301F-11D3-BF4B-00C04F79EFBC}") = "Assembly-CSharp-Editor", "Assembly-CSharp-Editor.csproj", "{1B14239E-DB0C-EBB6-2917-7F70A25EE57B}"
EndProject
Global
	GlobalSection(SolutionConfigurationPlatforms) = preSolution
		Debug|Any CPU = Debug|Any CPU
		Release|Any CPU = Release|Any CPU
	EndGlobalSection
	GlobalSection(ProjectConfigurationPlatforms) = postSolution
		{F14677FF-E629-9502-DD5B-4695664B2D3F}.Debug|Any CPU.ActiveCfg = Debug|Any CPU
		{F14677FF-E629-9502-DD5B-4695664B2D3F}.Debug|Any CPU.Build.0 = Debug|Any CPU
		{F14677FF-E629-9502-DD5B-4695664B2D3F}.Release|Any CPU.ActiveCfg = Release|Any CPU
		{F14677FF-E629-9502-DD5B-4695664B2D3F}.Release|Any CPU.Build.0 = Release|Any CPU
		{1B14239E-DB0C-EBB6-2917-7F70A25EE57B}.Debug|Any CPU.ActiveCfg = Debug|Any CPU
		{1B14239E-DB0C-EBB6-2917-7F70A25EE57B}.Debug|Any CPU.Build.0 = Debug|Any CPU
		{1B14239E-DB0C-EBB6-2917-7F70A25EE57B}.Release|Any CPU.ActiveCfg = Release|Any CPU
		{1B14239E-DB0C-EBB6-2917-7F70A25EE57B}.Release|Any CPU.Build.0 = Release|Any CPU
	EndGlobalSection
	GlobalSection(SolutionProperties) = preSolution
		HideSolutionNode = FALSE
	EndGlobalSection
EndGlobal
