
Microsoft Visual Studio Solution File, Format Version 12.00
# Visual Studio 15
Project("{FAE04EC0-301F-11D3-BF4B-00C04F79EFBC}") = "Assembly-CSharp", "Assembly-CSharp.csproj", "{95730F05-39B5-662C-25BE-B95883B4F92A}"
EndProject
Project("{FAE04EC0-301F-11D3-BF4B-00C04F79EFBC}") = "Assembly-CSharp-Editor", "Assembly-CSharp-Editor.csproj", "{A51D5269-18E8-EBC8-39C7-37144EE2DDEB}"
EndProject
Global
	GlobalSection(SolutionConfigurationPlatforms) = preSolution
		Debug|Any CPU = Debug|Any CPU
		Release|Any CPU = Release|Any CPU
	EndGlobalSection
	GlobalSection(ProjectConfigurationPlatforms) = postSolution
		{95730F05-39B5-662C-25BE-B95883B4F92A}.Debug|Any CPU.ActiveCfg = Debug|Any CPU
		{95730F05-39B5-662C-25BE-B95883B4F92A}.Debug|Any CPU.Build.0 = Debug|Any CPU
		{95730F05-39B5-662C-25BE-B95883B4F92A}.Release|Any CPU.ActiveCfg = Release|Any CPU
		{95730F05-39B5-662C-25BE-B95883B4F92A}.Release|Any CPU.Build.0 = Release|Any CPU
		{A51D5269-18E8-EBC8-39C7-37144EE2DDEB}.Debug|Any CPU.ActiveCfg = Debug|Any CPU
		{A51D5269-18E8-EBC8-39C7-37144EE2DDEB}.Debug|Any CPU.Build.0 = Debug|Any CPU
		{A51D5269-18E8-EBC8-39C7-37144EE2DDEB}.Release|Any CPU.ActiveCfg = Release|Any CPU
		{A51D5269-18E8-EBC8-39C7-37144EE2DDEB}.Release|Any CPU.Build.0 = Release|Any CPU
	EndGlobalSection
	GlobalSection(SolutionProperties) = preSolution
		HideSolutionNode = FALSE
	EndGlobalSection
EndGlobal
