
Microsoft Visual Studio Solution File, Format Version 12.00
# Visual Studio 15
Project("{FAE04EC0-301F-11D3-BF4B-00C04F79EFBC}") = "Assembly-CSharp", "Assembly-CSharp.csproj", "{B58D7C03-01A8-038C-BD5E-F1316095A626}"
EndProject
Project("{FAE04EC0-301F-11D3-BF4B-00C04F79EFBC}") = "Assembly-CSharp-Editor", "Assembly-CSharp-Editor.csproj", "{941ACA33-F89C-04DE-B7C3-FD3EAEEA8843}"
EndProject
Global
	GlobalSection(SolutionConfigurationPlatforms) = preSolution
		Debug|Any CPU = Debug|Any CPU
		Release|Any CPU = Release|Any CPU
	EndGlobalSection
	GlobalSection(ProjectConfigurationPlatforms) = postSolution
		{B58D7C03-01A8-038C-BD5E-F1316095A626}.Debug|Any CPU.ActiveCfg = Debug|Any CPU
		{B58D7C03-01A8-038C-BD5E-F1316095A626}.Debug|Any CPU.Build.0 = Debug|Any CPU
		{B58D7C03-01A8-038C-BD5E-F1316095A626}.Release|Any CPU.ActiveCfg = Release|Any CPU
		{B58D7C03-01A8-038C-BD5E-F1316095A626}.Release|Any CPU.Build.0 = Release|Any CPU
		{941ACA33-F89C-04DE-B7C3-FD3EAEEA8843}.Debug|Any CPU.ActiveCfg = Debug|Any CPU
		{941ACA33-F89C-04DE-B7C3-FD3EAEEA8843}.Debug|Any CPU.Build.0 = Debug|Any CPU
		{941ACA33-F89C-04DE-B7C3-FD3EAEEA8843}.Release|Any CPU.ActiveCfg = Release|Any CPU
		{941ACA33-F89C-04DE-B7C3-FD3EAEEA8843}.Release|Any CPU.Build.0 = Release|Any CPU
	EndGlobalSection
	GlobalSection(SolutionProperties) = preSolution
		HideSolutionNode = FALSE
	EndGlobalSection
EndGlobal
