
Microsoft Visual Studio Solution File, Format Version 12.00
# Visual Studio 15
Project("{FAE04EC0-301F-11D3-BF4B-00C04F79EFBC}") = "Assembly-CSharp", "Assembly-CSharp.csproj", "{F4407336-06FD-8FD7-614B-47A8E51CF338}"
EndProject
Project("{FAE04EC0-301F-11D3-BF4B-00C04F79EFBC}") = "Assembly-CSharp-Editor", "Assembly-CSharp-Editor.csproj", "{822C862D-9C44-E73E-0A48-6ACC8675F81F}"
EndProject
Global
	GlobalSection(SolutionConfigurationPlatforms) = preSolution
		Debug|Any CPU = Debug|Any CPU
		Release|Any CPU = Release|Any CPU
	EndGlobalSection
	GlobalSection(ProjectConfigurationPlatforms) = postSolution
		{F4407336-06FD-8FD7-614B-47A8E51CF338}.Debug|Any CPU.ActiveCfg = Debug|Any CPU
		{F4407336-06FD-8FD7-614B-47A8E51CF338}.Debug|Any CPU.Build.0 = Debug|Any CPU
		{F4407336-06FD-8FD7-614B-47A8E51CF338}.Release|Any CPU.ActiveCfg = Release|Any CPU
		{F4407336-06FD-8FD7-614B-47A8E51CF338}.Release|Any CPU.Build.0 = Release|Any CPU
		{822C862D-9C44-E73E-0A48-6ACC8675F81F}.Debug|Any CPU.ActiveCfg = Debug|Any CPU
		{822C862D-9C44-E73E-0A48-6ACC8675F81F}.Debug|Any CPU.Build.0 = Debug|Any CPU
		{822C862D-9C44-E73E-0A48-6ACC8675F81F}.Release|Any CPU.ActiveCfg = Release|Any CPU
		{822C862D-9C44-E73E-0A48-6ACC8675F81F}.Release|Any CPU.Build.0 = Release|Any CPU
	EndGlobalSection
	GlobalSection(SolutionProperties) = preSolution
		HideSolutionNode = FALSE
	EndGlobalSection
EndGlobal
