
Microsoft Visual Studio Solution File, Format Version 12.00
# Visual Studio 15
Project("{FAE04EC0-301F-11D3-BF4B-00C04F79EFBC}") = "Assembly-CSharp", "Assembly-CSharp.csproj", "{9BA2E123-2639-0364-63CE-1578D7EF96B4}"
EndProject
Project("{FAE04EC0-301F-11D3-BF4B-00C04F79EFBC}") = "Assembly-CSharp-Editor", "Assembly-CSharp-Editor.csproj", "{3CA8DCC1-DBA3-C6CD-63E7-2FE72D59C5B8}"
EndProject
Global
	GlobalSection(SolutionConfigurationPlatforms) = preSolution
		Debug|Any CPU = Debug|Any CPU
		Release|Any CPU = Release|Any CPU
	EndGlobalSection
	GlobalSection(ProjectConfigurationPlatforms) = postSolution
		{9BA2E123-2639-0364-63CE-1578D7EF96B4}.Debug|Any CPU.ActiveCfg = Debug|Any CPU
		{9BA2E123-2639-0364-63CE-1578D7EF96B4}.Debug|Any CPU.Build.0 = Debug|Any CPU
		{9BA2E123-2639-0364-63CE-1578D7EF96B4}.Release|Any CPU.ActiveCfg = Release|Any CPU
		{9BA2E123-2639-0364-63CE-1578D7EF96B4}.Release|Any CPU.Build.0 = Release|Any CPU
		{3CA8DCC1-DBA3-C6CD-63E7-2FE72D59C5B8}.Debug|Any CPU.ActiveCfg = Debug|Any CPU
		{3CA8DCC1-DBA3-C6CD-63E7-2FE72D59C5B8}.Debug|Any CPU.Build.0 = Debug|Any CPU
		{3CA8DCC1-DBA3-C6CD-63E7-2FE72D59C5B8}.Release|Any CPU.ActiveCfg = Release|Any CPU
		{3CA8DCC1-DBA3-C6CD-63E7-2FE72D59C5B8}.Release|Any CPU.Build.0 = Release|Any CPU
	EndGlobalSection
	GlobalSection(SolutionProperties) = preSolution
		HideSolutionNode = FALSE
	EndGlobalSection
EndGlobal
