
Microsoft Visual Studio Solution File, Format Version 12.00
# Visual Studio 15
Project("{FAE04EC0-301F-11D3-BF4B-00C04F79EFBC}") = "Assembly-CSharp", "Assembly-CSharp.csproj", "{C309AAEA-0229-3E08-5419-67387CCB2B8D}"
EndProject
Project("{FAE04EC0-301F-11D3-BF4B-00C04F79EFBC}") = "Assembly-CSharp-Editor", "Assembly-CSharp-Editor.csproj", "{86CCEFF8-299E-3971-C38C-C763A91A8E7F}"
EndProject
Global
	GlobalSection(SolutionConfigurationPlatforms) = preSolution
		Debug|Any CPU = Debug|Any CPU
		Release|Any CPU = Release|Any CPU
	EndGlobalSection
	GlobalSection(ProjectConfigurationPlatforms) = postSolution
		{C309AAEA-0229-3E08-5419-67387CCB2B8D}.Debug|Any CPU.ActiveCfg = Debug|Any CPU
		{C309AAEA-0229-3E08-5419-67387CCB2B8D}.Debug|Any CPU.Build.0 = Debug|Any CPU
		{C309AAEA-0229-3E08-5419-67387CCB2B8D}.Release|Any CPU.ActiveCfg = Release|Any CPU
		{C309AAEA-0229-3E08-5419-67387CCB2B8D}.Release|Any CPU.Build.0 = Release|Any CPU
		{86CCEFF8-299E-3971-C38C-C763A91A8E7F}.Debug|Any CPU.ActiveCfg = Debug|Any CPU
		{86CCEFF8-299E-3971-C38C-C763A91A8E7F}.Debug|Any CPU.Build.0 = Debug|Any CPU
		{86CCEFF8-299E-3971-C38C-C763A91A8E7F}.Release|Any CPU.ActiveCfg = Release|Any CPU
		{86CCEFF8-299E-3971-C38C-C763A91A8E7F}.Release|Any CPU.Build.0 = Release|Any CPU
	EndGlobalSection
	GlobalSection(SolutionProperties) = preSolution
		HideSolutionNode = FALSE
	EndGlobalSection
EndGlobal
